// !$*UTF8*$!
{
	archiveVersion = 1;
	classes = {
	};
	objectVersion = 46;
	objects = {

/* Begin PBXBuildFile section */
		E7852E381EB5CEA6009DE5A0 /* APIKit.framework in Frameworks */ = {isa = PBXBuildFile; fileRef = E7852E311EB5CEA5009DE5A0 /* APIKit.framework */; };
		E7852E391EB5CEA6009DE5A0 /* Himotoki.framework in Frameworks */ = {isa = PBXBuildFile; fileRef = E7852E321EB5CEA5009DE5A0 /* Himotoki.framework */; };
		E7852E3A1EB5CEA6009DE5A0 /* PINCache.framework in Frameworks */ = {isa = PBXBuildFile; fileRef = E7852E331EB5CEA5009DE5A0 /* PINCache.framework */; };
		E7852E3B1EB5CEA6009DE5A0 /* PINRemoteImage.framework in Frameworks */ = {isa = PBXBuildFile; fileRef = E7852E341EB5CEA6009DE5A0 /* PINRemoteImage.framework */; };
		E7852E3C1EB5CEA6009DE5A0 /* Result.framework in Frameworks */ = {isa = PBXBuildFile; fileRef = E7852E351EB5CEA6009DE5A0 /* Result.framework */; };
		E7852E3D1EB5CEA6009DE5A0 /* RxCocoa.framework in Frameworks */ = {isa = PBXBuildFile; fileRef = E7852E361EB5CEA6009DE5A0 /* RxCocoa.framework */; };
		E7852E3E1EB5CEA6009DE5A0 /* RxSwift.framework in Frameworks */ = {isa = PBXBuildFile; fileRef = E7852E371EB5CEA6009DE5A0 /* RxSwift.framework */; };
		E7C2B4E91EB5B39100619090 /* AppDelegate.swift in Sources */ = {isa = PBXBuildFile; fileRef = E7C2B4E81EB5B39100619090 /* AppDelegate.swift */; };
		E7C2B4EB1EB5B39100619090 /* ViewController.swift in Sources */ = {isa = PBXBuildFile; fileRef = E7C2B4EA1EB5B39100619090 /* ViewController.swift */; };
		E7C2B4EE1EB5B39100619090 /* Main.storyboard in Resources */ = {isa = PBXBuildFile; fileRef = E7C2B4EC1EB5B39100619090 /* Main.storyboard */; };
		E7C2B4F01EB5B39100619090 /* Assets.xcassets in Resources */ = {isa = PBXBuildFile; fileRef = E7C2B4EF1EB5B39100619090 /* Assets.xcassets */; };
		E7C2B4F31EB5B39100619090 /* LaunchScreen.storyboard in Resources */ = {isa = PBXBuildFile; fileRef = E7C2B4F11EB5B39100619090 /* LaunchScreen.storyboard */; };
		E7C2B4FE1EB5B39100619090 /* SlideStockTests.swift in Sources */ = {isa = PBXBuildFile; fileRef = E7C2B4FD1EB5B39100619090 /* SlideStockTests.swift */; };
/* End PBXBuildFile section */

/* Begin PBXContainerItemProxy section */
		E7C2B4FA1EB5B39100619090 /* PBXContainerItemProxy */ = {
			isa = PBXContainerItemProxy;
			containerPortal = E7C2B4DD1EB5B39100619090 /* Project object */;
			proxyType = 1;
			remoteGlobalIDString = E7C2B4E41EB5B39100619090;
			remoteInfo = SlideStock;
		};
/* End PBXContainerItemProxy section */

/* Begin PBXFileReference section */
		E7852E311EB5CEA5009DE5A0 /* APIKit.framework */ = {isa = PBXFileReference; lastKnownFileType = wrapper.framework; name = APIKit.framework; path = Carthage/Build/iOS/APIKit.framework; sourceTree = "<group>"; };
		E7852E321EB5CEA5009DE5A0 /* Himotoki.framework */ = {isa = PBXFileReference; lastKnownFileType = wrapper.framework; name = Himotoki.framework; path = Carthage/Build/iOS/Himotoki.framework; sourceTree = "<group>"; };
		E7852E331EB5CEA5009DE5A0 /* PINCache.framework */ = {isa = PBXFileReference; lastKnownFileType = wrapper.framework; name = PINCache.framework; path = Carthage/Build/iOS/PINCache.framework; sourceTree = "<group>"; };
		E7852E341EB5CEA6009DE5A0 /* PINRemoteImage.framework */ = {isa = PBXFileReference; lastKnownFileType = wrapper.framework; name = PINRemoteImage.framework; path = Carthage/Build/iOS/PINRemoteImage.framework; sourceTree = "<group>"; };
		E7852E351EB5CEA6009DE5A0 /* Result.framework */ = {isa = PBXFileReference; lastKnownFileType = wrapper.framework; name = Result.framework; path = Carthage/Build/iOS/Result.framework; sourceTree = "<group>"; };
		E7852E361EB5CEA6009DE5A0 /* RxCocoa.framework */ = {isa = PBXFileReference; lastKnownFileType = wrapper.framework; name = RxCocoa.framework; path = Carthage/Build/iOS/RxCocoa.framework; sourceTree = "<group>"; };
		E7852E371EB5CEA6009DE5A0 /* RxSwift.framework */ = {isa = PBXFileReference; lastKnownFileType = wrapper.framework; name = RxSwift.framework; path = Carthage/Build/iOS/RxSwift.framework; sourceTree = "<group>"; };
		E7C2B4E51EB5B39100619090 /* SlideStock.app */ = {isa = PBXFileReference; explicitFileType = wrapper.application; includeInIndex = 0; path = SlideStock.app; sourceTree = BUILT_PRODUCTS_DIR; };
		E7C2B4E81EB5B39100619090 /* AppDelegate.swift */ = {isa = PBXFileReference; lastKnownFileType = sourcecode.swift; path = AppDelegate.swift; sourceTree = "<group>"; };
		E7C2B4EA1EB5B39100619090 /* ViewController.swift */ = {isa = PBXFileReference; lastKnownFileType = sourcecode.swift; path = ViewController.swift; sourceTree = "<group>"; };
		E7C2B4ED1EB5B39100619090 /* Base */ = {isa = PBXFileReference; lastKnownFileType = file.storyboard; name = Base; path = Base.lproj/Main.storyboard; sourceTree = "<group>"; };
		E7C2B4EF1EB5B39100619090 /* Assets.xcassets */ = {isa = PBXFileReference; lastKnownFileType = folder.assetcatalog; path = Assets.xcassets; sourceTree = "<group>"; };
		E7C2B4F21EB5B39100619090 /* Base */ = {isa = PBXFileReference; lastKnownFileType = file.storyboard; name = Base; path = Base.lproj/LaunchScreen.storyboard; sourceTree = "<group>"; };
		E7C2B4F41EB5B39100619090 /* Info.plist */ = {isa = PBXFileReference; lastKnownFileType = text.plist.xml; path = Info.plist; sourceTree = "<group>"; };
		E7C2B4F91EB5B39100619090 /* SlideStockTests.xctest */ = {isa = PBXFileReference; explicitFileType = wrapper.cfbundle; includeInIndex = 0; path = SlideStockTests.xctest; sourceTree = BUILT_PRODUCTS_DIR; };
		E7C2B4FD1EB5B39100619090 /* SlideStockTests.swift */ = {isa = PBXFileReference; lastKnownFileType = sourcecode.swift; path = SlideStockTests.swift; sourceTree = "<group>"; };
		E7C2B4FF1EB5B39100619090 /* Info.plist */ = {isa = PBXFileReference; lastKnownFileType = text.plist.xml; path = Info.plist; sourceTree = "<group>"; };
/* End PBXFileReference section */

/* Begin PBXFrameworksBuildPhase section */
		E7C2B4E21EB5B39100619090 /* Frameworks */ = {
			isa = PBXFrameworksBuildPhase;
			buildActionMask = 2147483647;
			files = (
				E7852E381EB5CEA6009DE5A0 /* APIKit.framework in Frameworks */,
				E7852E391EB5CEA6009DE5A0 /* Himotoki.framework in Frameworks */,
				E7852E3A1EB5CEA6009DE5A0 /* PINCache.framework in Frameworks */,
				E7852E3B1EB5CEA6009DE5A0 /* PINRemoteImage.framework in Frameworks */,
				E7852E3C1EB5CEA6009DE5A0 /* Result.framework in Frameworks */,
				E7852E3D1EB5CEA6009DE5A0 /* RxCocoa.framework in Frameworks */,
				E7852E3E1EB5CEA6009DE5A0 /* RxSwift.framework in Frameworks */,
			);
			runOnlyForDeploymentPostprocessing = 0;
		};
		E7C2B4F61EB5B39100619090 /* Frameworks */ = {
			isa = PBXFrameworksBuildPhase;
			buildActionMask = 2147483647;
			files = (
			);
			runOnlyForDeploymentPostprocessing = 0;
		};
/* End PBXFrameworksBuildPhase section */

/* Begin PBXGroup section */
		E7852E301EB5CEA5009DE5A0 /* Frameworks */ = {
			isa = PBXGroup;
			children = (
				E7852E311EB5CEA5009DE5A0 /* APIKit.framework */,
				E7852E321EB5CEA5009DE5A0 /* Himotoki.framework */,
				E7852E331EB5CEA5009DE5A0 /* PINCache.framework */,
				E7852E341EB5CEA6009DE5A0 /* PINRemoteImage.framework */,
				E7852E351EB5CEA6009DE5A0 /* Result.framework */,
				E7852E361EB5CEA6009DE5A0 /* RxCocoa.framework */,
				E7852E371EB5CEA6009DE5A0 /* RxSwift.framework */,
			);
			name = Frameworks;
			sourceTree = "<group>";
		};
		E7C2B4DC1EB5B39100619090 = {
			isa = PBXGroup;
			children = (
				E7C2B4E71EB5B39100619090 /* SlideStock */,
				E7C2B4FC1EB5B39100619090 /* SlideStockTests */,
				E7C2B4E61EB5B39100619090 /* Products */,
				E7852E301EB5CEA5009DE5A0 /* Frameworks */,
			);
			sourceTree = "<group>";
		};
		E7C2B4E61EB5B39100619090 /* Products */ = {
			isa = PBXGroup;
			children = (
				E7C2B4E51EB5B39100619090 /* SlideStock.app */,
				E7C2B4F91EB5B39100619090 /* SlideStockTests.xctest */,
			);
			name = Products;
			sourceTree = "<group>";
		};
		E7C2B4E71EB5B39100619090 /* SlideStock */ = {
			isa = PBXGroup;
			children = (
				E7C2B4E81EB5B39100619090 /* AppDelegate.swift */,
				E7C2B4EA1EB5B39100619090 /* ViewController.swift */,
				E7C2B4EC1EB5B39100619090 /* Main.storyboard */,
				E7C2B4EF1EB5B39100619090 /* Assets.xcassets */,
				E7C2B4F11EB5B39100619090 /* LaunchScreen.storyboard */,
				E7C2B4F41EB5B39100619090 /* Info.plist */,
			);
			path = SlideStock;
			sourceTree = "<group>";
		};
		E7C2B4FC1EB5B39100619090 /* SlideStockTests */ = {
			isa = PBXGroup;
			children = (
				E7C2B4FD1EB5B39100619090 /* SlideStockTests.swift */,
				E7C2B4FF1EB5B39100619090 /* Info.plist */,
			);
			path = SlideStockTests;
			sourceTree = "<group>";
		};
/* End PBXGroup section */

/* Begin PBXNativeTarget section */
		E7C2B4E41EB5B39100619090 /* SlideStock */ = {
			isa = PBXNativeTarget;
			buildConfigurationList = E7C2B5021EB5B39100619090 /* Build configuration list for PBXNativeTarget "SlideStock" */;
			buildPhases = (
				E7C2B4E11EB5B39100619090 /* Sources */,
				E7C2B4E21EB5B39100619090 /* Frameworks */,
				E7C2B4E31EB5B39100619090 /* Resources */,
				E7C2B5081EB5B4C300619090 /* [SwiftLint] Run Script */,
				E7852E2F1EB5CE19009DE5A0 /* [Carthage] Run Script */,
			);
			buildRules = (
			);
			dependencies = (
			);
			name = SlideStock;
			productName = SlideStock;
			productReference = E7C2B4E51EB5B39100619090 /* SlideStock.app */;
			productType = "com.apple.product-type.application";
		};
		E7C2B4F81EB5B39100619090 /* SlideStockTests */ = {
			isa = PBXNativeTarget;
			buildConfigurationList = E7C2B5051EB5B39100619090 /* Build configuration list for PBXNativeTarget "SlideStockTests" */;
			buildPhases = (
				E7C2B4F51EB5B39100619090 /* Sources */,
				E7C2B4F61EB5B39100619090 /* Frameworks */,
				E7C2B4F71EB5B39100619090 /* Resources */,
			);
			buildRules = (
			);
			dependencies = (
				E7C2B4FB1EB5B39100619090 /* PBXTargetDependency */,
			);
			name = SlideStockTests;
			productName = SlideStockTests;
			productReference = E7C2B4F91EB5B39100619090 /* SlideStockTests.xctest */;
			productType = "com.apple.product-type.bundle.unit-test";
		};
/* End PBXNativeTarget section */

/* Begin PBXProject section */
		E7C2B4DD1EB5B39100619090 /* Project object */ = {
			isa = PBXProject;
			attributes = {
				LastSwiftUpdateCheck = 0830;
				LastUpgradeCheck = 0830;
				ORGANIZATIONNAME = "Atsuya Sato";
				TargetAttributes = {
					E7C2B4E41EB5B39100619090 = {
						CreatedOnToolsVersion = 8.3.2;
						DevelopmentTeam = DEQGLB9PU4;
						ProvisioningStyle = Automatic;
					};
					E7C2B4F81EB5B39100619090 = {
						CreatedOnToolsVersion = 8.3.2;
						DevelopmentTeam = DEQGLB9PU4;
						ProvisioningStyle = Automatic;
						TestTargetID = E7C2B4E41EB5B39100619090;
					};
				};
			};
			buildConfigurationList = E7C2B4E01EB5B39100619090 /* Build configuration list for PBXProject "SlideStock" */;
			compatibilityVersion = "Xcode 3.2";
			developmentRegion = English;
			hasScannedForEncodings = 0;
			knownRegions = (
				en,
				Base,
			);
			mainGroup = E7C2B4DC1EB5B39100619090;
			productRefGroup = E7C2B4E61EB5B39100619090 /* Products */;
			projectDirPath = "";
			projectRoot = "";
			targets = (
				E7C2B4E41EB5B39100619090 /* SlideStock */,
				E7C2B4F81EB5B39100619090 /* SlideStockTests */,
			);
		};
/* End PBXProject section */

/* Begin PBXResourcesBuildPhase section */
		E7C2B4E31EB5B39100619090 /* Resources */ = {
			isa = PBXResourcesBuildPhase;
			buildActionMask = 2147483647;
			files = (
				E7C2B4F31EB5B39100619090 /* LaunchScreen.storyboard in Resources */,
				E7C2B4F01EB5B39100619090 /* Assets.xcassets in Resources */,
				E7C2B4EE1EB5B39100619090 /* Main.storyboard in Resources */,
			);
			runOnlyForDeploymentPostprocessing = 0;
		};
		E7C2B4F71EB5B39100619090 /* Resources */ = {
			isa = PBXResourcesBuildPhase;
			buildActionMask = 2147483647;
			files = (
			);
			runOnlyForDeploymentPostprocessing = 0;
		};
/* End PBXResourcesBuildPhase section */

/* Begin PBXShellScriptBuildPhase section */
		E7852E2F1EB5CE19009DE5A0 /* [Carthage] Run Script */ = {
			isa = PBXShellScriptBuildPhase;
			buildActionMask = 2147483647;
			files = (
			);
			inputPaths = (
				"$(SRCROOT)/Carthage/Build/iOS/APIKit.framework",
				"$(SRCROOT)/Carthage/Build/iOS/Himotoki.framework",
				"$(SRCROOT)/Carthage/Build/iOS/RxSwift.framework",
				"$(SRCROOT)/Carthage/Build/iOS/RxCocoa.framework",
				"$(SRCROOT)/Carthage/Build/iOS/Result.framework",
				"$(SRCROOT)/Carthage/Build/iOS/PINRemoteImage.framework",
				"$(SRCROOT)/Carthage/Build/iOS/PINCache.framework",
			);
			name = "[Carthage] Run Script";
			outputPaths = (
			);
			runOnlyForDeploymentPostprocessing = 0;
			shellPath = /bin/sh;
			shellScript = "/usr/local/bin/carthage copy-frameworks";
		};
		E7C2B5081EB5B4C300619090 /* [SwiftLint] Run Script */ = {
			isa = PBXShellScriptBuildPhase;
			buildActionMask = 2147483647;
			files = (
			);
			inputPaths = (
			);
			name = "[SwiftLint] Run Script";
			outputPaths = (
			);
			runOnlyForDeploymentPostprocessing = 0;
			shellPath = /bin/sh;
			shellScript = "if which swiftlint >/dev/null; then\nswiftlint\nelse\necho \"SwiftLint does not exist, download from https://github.com/realm/SwiftLint\"\nfi";
		};
/* End PBXShellScriptBuildPhase section */

/* Begin PBXSourcesBuildPhase section */
		E7C2B4E11EB5B39100619090 /* Sources */ = {
			isa = PBXSourcesBuildPhase;
			buildActionMask = 2147483647;
			files = (
				E7C2B4EB1EB5B39100619090 /* ViewController.swift in Sources */,
				E7C2B4E91EB5B39100619090 /* AppDelegate.swift in Sources */,
			);
			runOnlyForDeploymentPostprocessing = 0;
		};
		E7C2B4F51EB5B39100619090 /* Sources */ = {
			isa = PBXSourcesBuildPhase;
			buildActionMask = 2147483647;
			files = (
				E7C2B4FE1EB5B39100619090 /* SlideStockTests.swift in Sources */,
			);
			runOnlyForDeploymentPostprocessing = 0;
		};
/* End PBXSourcesBuildPhase section */

/* Begin PBXTargetDependency section */
		E7C2B4FB1EB5B39100619090 /* PBXTargetDependency */ = {
			isa = PBXTargetDependency;
			target = E7C2B4E41EB5B39100619090 /* SlideStock */;
			targetProxy = E7C2B4FA1EB5B39100619090 /* PBXContainerItemProxy */;
		};
/* End PBXTargetDependency section */

/* Begin PBXVariantGroup section */
		E7C2B4EC1EB5B39100619090 /* Main.storyboard */ = {
			isa = PBXVariantGroup;
			children = (
				E7C2B4ED1EB5B39100619090 /* Base */,
			);
			name = Main.storyboard;
			sourceTree = "<group>";
		};
		E7C2B4F11EB5B39100619090 /* LaunchScreen.storyboard */ = {
			isa = PBXVariantGroup;
			children = (
				E7C2B4F21EB5B39100619090 /* Base */,
			);
			name = LaunchScreen.storyboard;
			sourceTree = "<group>";
		};
/* End PBXVariantGroup section */

/* Begin XCBuildConfiguration section */
		E7C2B5001EB5B39100619090 /* Debug */ = {
			isa = XCBuildConfiguration;
			buildSettings = {
				ALWAYS_SEARCH_USER_PATHS = NO;
				CLANG_ANALYZER_NONNULL = YES;
				CLANG_ANALYZER_NUMBER_OBJECT_CONVERSION = YES_AGGRESSIVE;
				CLANG_CXX_LANGUAGE_STANDARD = "gnu++0x";
				CLANG_CXX_LIBRARY = "libc++";
				CLANG_ENABLE_MODULES = YES;
				CLANG_ENABLE_OBJC_ARC = YES;
				CLANG_WARN_BOOL_CONVERSION = YES;
				CLANG_WARN_CONSTANT_CONVERSION = YES;
				CLANG_WARN_DIRECT_OBJC_ISA_USAGE = YES_ERROR;
				CLANG_WARN_DOCUMENTATION_COMMENTS = YES;
				CLANG_WARN_EMPTY_BODY = YES;
				CLANG_WARN_ENUM_CONVERSION = YES;
				CLANG_WARN_INFINITE_RECURSION = YES;
				CLANG_WARN_INT_CONVERSION = YES;
				CLANG_WARN_OBJC_ROOT_CLASS = YES_ERROR;
				CLANG_WARN_SUSPICIOUS_MOVE = YES;
				CLANG_WARN_UNREACHABLE_CODE = YES;
				CLANG_WARN__DUPLICATE_METHOD_MATCH = YES;
				"CODE_SIGN_IDENTITY[sdk=iphoneos*]" = "iPhone Developer";
				COPY_PHASE_STRIP = NO;
				DEBUG_INFORMATION_FORMAT = dwarf;
				ENABLE_STRICT_OBJC_MSGSEND = YES;
				ENABLE_TESTABILITY = YES;
				GCC_C_LANGUAGE_STANDARD = gnu99;
				GCC_DYNAMIC_NO_PIC = NO;
				GCC_NO_COMMON_BLOCKS = YES;
				GCC_OPTIMIZATION_LEVEL = 0;
				GCC_PREPROCESSOR_DEFINITIONS = (
					"DEBUG=1",
					"$(inherited)",
				);
				GCC_WARN_64_TO_32_BIT_CONVERSION = YES;
				GCC_WARN_ABOUT_RETURN_TYPE = YES_ERROR;
				GCC_WARN_UNDECLARED_SELECTOR = YES;
				GCC_WARN_UNINITIALIZED_AUTOS = YES_AGGRESSIVE;
				GCC_WARN_UNUSED_FUNCTION = YES;
				GCC_WARN_UNUSED_VARIABLE = YES;
				IPHONEOS_DEPLOYMENT_TARGET = 10.3;
				MTL_ENABLE_DEBUG_INFO = YES;
				ONLY_ACTIVE_ARCH = YES;
				SDKROOT = iphoneos;
				SWIFT_ACTIVE_COMPILATION_CONDITIONS = DEBUG;
				SWIFT_OPTIMIZATION_LEVEL = "-Onone";
			};
			name = Debug;
		};
		E7C2B5011EB5B39100619090 /* Release */ = {
			isa = XCBuildConfiguration;
			buildSettings = {
				ALWAYS_SEARCH_USER_PATHS = NO;
				CLANG_ANALYZER_NONNULL = YES;
				CLANG_ANALYZER_NUMBER_OBJECT_CONVERSION = YES_AGGRESSIVE;
				CLANG_CXX_LANGUAGE_STANDARD = "gnu++0x";
				CLANG_CXX_LIBRARY = "libc++";
				CLANG_ENABLE_MODULES = YES;
				CLANG_ENABLE_OBJC_ARC = YES;
				CLANG_WARN_BOOL_CONVERSION = YES;
				CLANG_WARN_CONSTANT_CONVERSION = YES;
				CLANG_WARN_DIRECT_OBJC_ISA_USAGE = YES_ERROR;
				CLANG_WARN_DOCUMENTATION_COMMENTS = YES;
				CLANG_WARN_EMPTY_BODY = YES;
				CLANG_WARN_ENUM_CONVERSION = YES;
				CLANG_WARN_INFINITE_RECURSION = YES;
				CLANG_WARN_INT_CONVERSION = YES;
				CLANG_WARN_OBJC_ROOT_CLASS = YES_ERROR;
				CLANG_WARN_SUSPICIOUS_MOVE = YES;
				CLANG_WARN_UNREACHABLE_CODE = YES;
				CLANG_WARN__DUPLICATE_METHOD_MATCH = YES;
				"CODE_SIGN_IDENTITY[sdk=iphoneos*]" = "iPhone Developer";
				COPY_PHASE_STRIP = NO;
				DEBUG_INFORMATION_FORMAT = "dwarf-with-dsym";
				ENABLE_NS_ASSERTIONS = NO;
				ENABLE_STRICT_OBJC_MSGSEND = YES;
				GCC_C_LANGUAGE_STANDARD = gnu99;
				GCC_NO_COMMON_BLOCKS = YES;
				GCC_WARN_64_TO_32_BIT_CONVERSION = YES;
				GCC_WARN_ABOUT_RETURN_TYPE = YES_ERROR;
				GCC_WARN_UNDECLARED_SELECTOR = YES;
				GCC_WARN_UNINITIALIZED_AUTOS = YES_AGGRESSIVE;
				GCC_WARN_UNUSED_FUNCTION = YES;
				GCC_WARN_UNUSED_VARIABLE = YES;
				IPHONEOS_DEPLOYMENT_TARGET = 10.3;
				MTL_ENABLE_DEBUG_INFO = NO;
				SDKROOT = iphoneos;
				SWIFT_OPTIMIZATION_LEVEL = "-Owholemodule";
				VALIDATE_PRODUCT = YES;
			};
			name = Release;
		};
		E7C2B5031EB5B39100619090 /* Debug */ = {
			isa = XCBuildConfiguration;
			buildSettings = {
				ASSETCATALOG_COMPILER_APPICON_NAME = AppIcon;
				DEVELOPMENT_TEAM = DEQGLB9PU4;
				FRAMEWORK_SEARCH_PATHS = (
					"$(inherited)",
					"$(PROJECT_DIR)/Carthage/Build/iOS",
				);
				INFOPLIST_FILE = SlideStock/Info.plist;
				LD_RUNPATH_SEARCH_PATHS = "$(inherited) @executable_path/Frameworks";
				PRODUCT_BUNDLE_IDENTIFIER = io.github.natmark.SlideStock;
				PRODUCT_NAME = "$(TARGET_NAME)";
				SWIFT_VERSION = 3.0;
			};
			name = Debug;
		};
		E7C2B5041EB5B39100619090 /* Release */ = {
			isa = XCBuildConfiguration;
			buildSettings = {
				ASSETCATALOG_COMPILER_APPICON_NAME = AppIcon;
				DEVELOPMENT_TEAM = DEQGLB9PU4;
				FRAMEWORK_SEARCH_PATHS = (
					"$(inherited)",
					"$(PROJECT_DIR)/Carthage/Build/iOS",
				);
				INFOPLIST_FILE = SlideStock/Info.plist;
				LD_RUNPATH_SEARCH_PATHS = "$(inherited) @executable_path/Frameworks";
				PRODUCT_BUNDLE_IDENTIFIER = io.github.natmark.SlideStock;
				PRODUCT_NAME = "$(TARGET_NAME)";
				SWIFT_VERSION = 3.0;
			};
			name = Release;
		};
		E7C2B5061EB5B39100619090 /* Debug */ = {
			isa = XCBuildConfiguration;
			buildSettings = {
				ALWAYS_EMBED_SWIFT_STANDARD_LIBRARIES = YES;
				BUNDLE_LOADER = "$(TEST_HOST)";
				DEVELOPMENT_TEAM = DEQGLB9PU4;
				INFOPLIST_FILE = SlideStockTests/Info.plist;
				LD_RUNPATH_SEARCH_PATHS = "$(inherited) @executable_path/Frameworks @loader_path/Frameworks";
				PRODUCT_BUNDLE_IDENTIFIER = io.github.natmark.SlideStockTests;
				PRODUCT_NAME = "$(TARGET_NAME)";
				SWIFT_VERSION = 3.0;
				TEST_HOST = "$(BUILT_PRODUCTS_DIR)/SlideStock.app/SlideStock";
			};
			name = Debug;
		};
		E7C2B5071EB5B39100619090 /* Release */ = {
			isa = XCBuildConfiguration;
			buildSettings = {
				ALWAYS_EMBED_SWIFT_STANDARD_LIBRARIES = YES;
				BUNDLE_LOADER = "$(TEST_HOST)";
				DEVELOPMENT_TEAM = DEQGLB9PU4;
				INFOPLIST_FILE = SlideStockTests/Info.plist;
				LD_RUNPATH_SEARCH_PATHS = "$(inherited) @executable_path/Frameworks @loader_path/Frameworks";
				PRODUCT_BUNDLE_IDENTIFIER = io.github.natmark.SlideStockTests;
				PRODUCT_NAME = "$(TARGET_NAME)";
				SWIFT_VERSION = 3.0;
				TEST_HOST = "$(BUILT_PRODUCTS_DIR)/SlideStock.app/SlideStock";
			};
			name = Release;
		};
/* End XCBuildConfiguration section */

/* Begin XCConfigurationList section */
		E7C2B4E01EB5B39100619090 /* Build configuration list for PBXProject "SlideStock" */ = {
			isa = XCConfigurationList;
			buildConfigurations = (
				E7C2B5001EB5B39100619090 /* Debug */,
				E7C2B5011EB5B39100619090 /* Release */,
			);
			defaultConfigurationIsVisible = 0;
			defaultConfigurationName = Release;
		};
		E7C2B5021EB5B39100619090 /* Build configuration list for PBXNativeTarget "SlideStock" */ = {
			isa = XCConfigurationList;
			buildConfigurations = (
				E7C2B5031EB5B39100619090 /* Debug */,
				E7C2B5041EB5B39100619090 /* Release */,
			);
			defaultConfigurationIsVisible = 0;
			defaultConfigurationName = Release;
		};
		E7C2B5051EB5B39100619090 /* Build configuration list for PBXNativeTarget "SlideStockTests" */ = {
			isa = XCConfigurationList;
			buildConfigurations = (
				E7C2B5061EB5B39100619090 /* Debug */,
				E7C2B5071EB5B39100619090 /* Release */,
			);
			defaultConfigurationIsVisible = 0;
			defaultConfigurationName = Release;
		};
/* End XCConfigurationList section */
	};
	rootObject = E7C2B4DD1EB5B39100619090 /* Project object */;
}
